
Microsoft Visual Studio Solution File, Format Version 11.00
# Visual Studio 2010
Project("{F184B08F-C81C-45F6-A57F-5ABD9991F28F}") = "MasterMind", "MasterMind.vbproj", "{C6C40270-F4B1-4EEF-8584-E38C164EA567}"
EndProject
Global
	GlobalSection(SolutionConfigurationPlatforms) = preSolution
		Debug|x86 = Debug|x86
		Release|x86 = Release|x86
	EndGlobalSection
	GlobalSection(ProjectConfigurationPlatforms) = postSolution
		{C6C40270-F4B1-4EEF-8584-E38C164EA567}.Debug|x86.ActiveCfg = Debug|x86
		{C6C40270-F4B1-4EEF-8584-E38C164EA567}.Debug|x86.Build.0 = Debug|x86
		{C6C40270-F4B1-4EEF-8584-E38C164EA567}.Release|x86.ActiveCfg = Release|x86
		{C6C40270-F4B1-4EEF-8584-E38C164EA567}.Release|x86.Build.0 = Release|x86
	EndGlobalSection
	GlobalSection(SolutionProperties) = preSolution
		HideSolutionNode = FALSE
	EndGlobalSection
EndGlobal
